PODS:
  - Alamofire (4.9.0)
  - MicrosoftCognitiveServicesSpeech-iOS (1.6.0)
  - SwiftyJSON (5.0.0)

DEPENDENCIES:
  - Alamofire (~> 4.5)
  - MicrosoftCognitiveServicesSpeech-iOS (~> 1.6)
  - SwiftyJSON

SPEC REPOS:
  https://github.com/cocoapods/specs.git:
    - Alamofire
    - MicrosoftCognitiveServicesSpeech-iOS
    - SwiftyJSON

SPEC CHECKSUMS:
  Alamofire: afc3e7c6db61476cb45cdd23fed06bad03bbc321
  MicrosoftCognitiveServicesSpeech-iOS: ca23ee6ace9328ede5483feff79fcd6a3b3e2dfb
  SwiftyJSON: 36413e04c44ee145039d332b4f4e2d3e8d6c4db7

PODFILE CHECKSUM: 958a597613645b68f0ff186cdf4cf48bc3472e0a

COCOAPODS: 1.6.1
